// !$*UTF8*$!
{
	archiveVersion = 1;
	classes = {
	};
	objectVersion = 50;
	objects = {

/* Begin PBXBuildFile section */
		1E19EEA6224019610094EA01 /* StartViewController.swift in Sources */ = {isa = PBXBuildFile; fileRef = 1E19EEA5224019610094EA01 /* StartViewController.swift */; };
		1E37F684225C21A700CC126B /* SettingsViewController.swift in Sources */ = {isa = PBXBuildFile; fileRef = 1E37F683225C21A700CC126B /* SettingsViewController.swift */; };
		1E37F6862260E34900CC126B /* common.framework in Frameworks */ = {isa = PBXBuildFile; fileRef = 1E37F6852260E34900CC126B /* common.framework */; };
		1E37F6872260E34900CC126B /* common.framework in Embed Frameworks */ = {isa = PBXBuildFile; fileRef = 1E37F6852260E34900CC126B /* common.framework */; settings = {ATTRIBUTES = (CodeSignOnCopy, RemoveHeadersOnCopy, ); }; };
		1E43892D224013860034263E /* IosNavigator.swift in Sources */ = {isa = PBXBuildFile; fileRef = 1E43892C224013860034263E /* IosNavigator.swift */; };
		1E43892F224015A80034263E /* QuestionViewController.swift in Sources */ = {isa = PBXBuildFile; fileRef = 1E43892E224015A80034263E /* QuestionViewController.swift */; };
		1E9D6D35224EA56200F5C0B8 /* SAConfettiView.swift in Sources */ = {isa = PBXBuildFile; fileRef = 1E9D6D34224EA55800F5C0B8 /* SAConfettiView.swift */; };
		1E9D6D38224EA64800F5C0B8 /* ImageUtils.swift in Sources */ = {isa = PBXBuildFile; fileRef = 1E9D6D36224EA64800F5C0B8 /* ImageUtils.swift */; };
		1E9D6D39224EA64800F5C0B8 /* GameResultsViewController.swift in Sources */ = {isa = PBXBuildFile; fileRef = 1E9D6D37224EA64800F5C0B8 /* GameResultsViewController.swift */; };
		1E9D6D3E224EA74E00F5C0B8 /* triangle.png in Resources */ = {isa = PBXBuildFile; fileRef = 1E9D6D3A224EA74E00F5C0B8 /* triangle.png */; };
		1E9D6D3F224EA74E00F5C0B8 /* diamond.png in Resources */ = {isa = PBXBuildFile; fileRef = 1E9D6D3B224EA74E00F5C0B8 /* diamond.png */; };
		1E9D6D40224EA74E00F5C0B8 /* confetti.png in Resources */ = {isa = PBXBuildFile; fileRef = 1E9D6D3C224EA74E00F5C0B8 /* confetti.png */; };
		1E9D6D41224EA74E00F5C0B8 /* star.png in Resources */ = {isa = PBXBuildFile; fileRef = 1E9D6D3D224EA74E00F5C0B8 /* star.png */; };
		1E9ED1E222550E7E000D7C69 /* willowtree_banner.png in Resources */ = {isa = PBXBuildFile; fileRef = 1E9ED1E122550E7E000D7C69 /* willowtree_banner.png */; };
		1EB9EA7F2238071A008AF004 /* AppDelegate.swift in Sources */ = {isa = PBXBuildFile; fileRef = 1EB9EA7E2238071A008AF004 /* AppDelegate.swift */; };
		1EB9EA842238071A008AF004 /* Main.storyboard in Resources */ = {isa = PBXBuildFile; fileRef = 1EB9EA822238071A008AF004 /* Main.storyboard */; };
		1EB9EA862238071B008AF004 /* Assets.xcassets in Resources */ = {isa = PBXBuildFile; fileRef = 1EB9EA852238071B008AF004 /* Assets.xcassets */; };
		1EB9EA892238071B008AF004 /* LaunchScreen.storyboard in Resources */ = {isa = PBXBuildFile; fileRef = 1EB9EA872238071B008AF004 /* LaunchScreen.storyboard */; };
		1EB9EA942238071B008AF004 /* NameGameTests.swift in Sources */ = {isa = PBXBuildFile; fileRef = 1EB9EA932238071B008AF004 /* NameGameTests.swift */; };
		1ED273982264E64C0094EE0D /* BaseNameGameViewController.swift in Sources */ = {isa = PBXBuildFile; fileRef = 1ED273972264E64C0094EE0D /* BaseNameGameViewController.swift */; };
		1ED2739D22660A560094EE0D /* NameGameUITests.swift in Sources */ = {isa = PBXBuildFile; fileRef = 1ED2739C22660A560094EE0D /* NameGameUITests.swift */; };
		1ED273AD22660CFE0094EE0D /* NameGameTests.swift in Sources */ = {isa = PBXBuildFile; fileRef = 1ED273AC22660CFE0094EE0D /* NameGameTests.swift */; };
		39C7A84D324862D88D52B08F /* Pods_NameGameTests.framework in Frameworks */ = {isa = PBXBuildFile; fileRef = C435497E57B26B3C5C38A850 /* Pods_NameGameTests.framework */; };
		4C99F92CBEFDEFEA34932EBF /* Pods_NameGameUITests.framework in Frameworks */ = {isa = PBXBuildFile; fileRef = 7B000730C94A459D36DD44F4 /* Pods_NameGameUITests.framework */; };
		D2DA6197A59BA1C72436D809 /* Pods_NameGame.framework in Frameworks */ = {isa = PBXBuildFile; fileRef = BDB87376C9BE19ED50D010CE /* Pods_NameGame.framework */; };
/* End PBXBuildFile section */

/* Begin PBXContainerItemProxy section */
		1EB9EA902238071B008AF004 /* PBXContainerItemProxy */ = {
			isa = PBXContainerItemProxy;
			containerPortal = 1EB9EA732238071A008AF004 /* Project object */;
			proxyType = 1;
			remoteGlobalIDString = 1EB9EA7A2238071A008AF004;
			remoteInfo = NameGame;
		};
		1EB9EA9B2238071C008AF004 /* PBXContainerItemProxy */ = {
			isa = PBXContainerItemProxy;
			containerPortal = 1EB9EA732238071A008AF004 /* Project object */;
			proxyType = 1;
			remoteGlobalIDString = 1EB9EA7A2238071A008AF004;
			remoteInfo = NameGame;
		};
/* End PBXContainerItemProxy section */

/* Begin PBXCopyFilesBuildPhase section */
		1EB9EAB522382BBC008AF004 /* Embed Frameworks */ = {
			isa = PBXCopyFilesBuildPhase;
			buildActionMask = 2147483647;
			dstPath = "";
			dstSubfolderSpec = 10;
			files = (
				1E37F6872260E34900CC126B /* common.framework in Embed Frameworks */,
			);
			name = "Embed Frameworks";
			runOnlyForDeploymentPostprocessing = 0;
		};
/* End PBXCopyFilesBuildPhase section */

/* Begin PBXFileReference section */
		147DDD9FCB23EB6E2457D2ED /* Pods-NameGame.debug.xcconfig */ = {isa = PBXFileReference; includeInIndex = 1; lastKnownFileType = text.xcconfig; name = "Pods-NameGame.debug.xcconfig"; path = "Target Support Files/Pods-NameGame/Pods-NameGame.debug.xcconfig"; sourceTree = "<group>"; };
		1E19EEA5224019610094EA01 /* StartViewController.swift */ = {isa = PBXFileReference; lastKnownFileType = sourcecode.swift; path = StartViewController.swift; sourceTree = "<group>"; };
		1E37F67C225C063C00CC126B /* common.framework.dSYM */ = {isa = PBXFileReference; lastKnownFileType = wrapper.dsym; name = common.framework.dSYM; path = "../../common/build/xcode-frameworks/common.framework.dSYM"; sourceTree = "<group>"; };
		1E37F683225C21A700CC126B /* SettingsViewController.swift */ = {isa = PBXFileReference; lastKnownFileType = sourcecode.swift; path = SettingsViewController.swift; sourceTree = "<group>"; };
		1E37F6852260E34900CC126B /* common.framework */ = {isa = PBXFileReference; lastKnownFileType = wrapper.framework; name = common.framework; path = "../../common/build/xcode-frameworks/common.framework"; sourceTree = "<group>"; };
		1E43892C224013860034263E /* IosNavigator.swift */ = {isa = PBXFileReference; lastKnownFileType = sourcecode.swift; path = IosNavigator.swift; sourceTree = "<group>"; };
		1E43892E224015A80034263E /* QuestionViewController.swift */ = {isa = PBXFileReference; lastKnownFileType = sourcecode.swift; path = QuestionViewController.swift; sourceTree = "<group>"; };
		1E9D6D34224EA55800F5C0B8 /* SAConfettiView.swift */ = {isa = PBXFileReference; fileEncoding = 4; lastKnownFileType = sourcecode.swift; path = SAConfettiView.swift; sourceTree = "<group>"; };
		1E9D6D36224EA64800F5C0B8 /* ImageUtils.swift */ = {isa = PBXFileReference; fileEncoding = 4; lastKnownFileType = sourcecode.swift; path = ImageUtils.swift; sourceTree = "<group>"; };
		1E9D6D37224EA64800F5C0B8 /* GameResultsViewController.swift */ = {isa = PBXFileReference; fileEncoding = 4; lastKnownFileType = sourcecode.swift; path = GameResultsViewController.swift; sourceTree = "<group>"; };
		1E9D6D3A224EA74E00F5C0B8 /* triangle.png */ = {isa = PBXFileReference; lastKnownFileType = image.png; path = triangle.png; sourceTree = "<group>"; };
		1E9D6D3B224EA74E00F5C0B8 /* diamond.png */ = {isa = PBXFileReference; lastKnownFileType = image.png; path = diamond.png; sourceTree = "<group>"; };
		1E9D6D3C224EA74E00F5C0B8 /* confetti.png */ = {isa = PBXFileReference; lastKnownFileType = image.png; path = confetti.png; sourceTree = "<group>"; };
		1E9D6D3D224EA74E00F5C0B8 /* star.png */ = {isa = PBXFileReference; lastKnownFileType = image.png; path = star.png; sourceTree = "<group>"; };
		1E9ED1E122550E7E000D7C69 /* willowtree_banner.png */ = {isa = PBXFileReference; lastKnownFileType = image.png; name = willowtree_banner.png; path = ../../../android/src/main/res/drawable/willowtree_banner.png; sourceTree = "<group>"; };
		1EB9EA7B2238071A008AF004 /* NameGame.app */ = {isa = PBXFileReference; explicitFileType = wrapper.application; includeInIndex = 0; path = NameGame.app; sourceTree = BUILT_PRODUCTS_DIR; };
		1EB9EA7E2238071A008AF004 /* AppDelegate.swift */ = {isa = PBXFileReference; lastKnownFileType = sourcecode.swift; path = AppDelegate.swift; sourceTree = "<group>"; };
		1EB9EA832238071A008AF004 /* Base */ = {isa = PBXFileReference; lastKnownFileType = file.storyboard; name = Base; path = Base.lproj/Main.storyboard; sourceTree = "<group>"; };
		1EB9EA852238071B008AF004 /* Assets.xcassets */ = {isa = PBXFileReference; lastKnownFileType = folder.assetcatalog; path = Assets.xcassets; sourceTree = "<group>"; };
		1EB9EA882238071B008AF004 /* Base */ = {isa = PBXFileReference; lastKnownFileType = file.storyboard; name = Base; path = Base.lproj/LaunchScreen.storyboard; sourceTree = "<group>"; };
		1EB9EA8A2238071B008AF004 /* Info.plist */ = {isa = PBXFileReference; lastKnownFileType = text.plist.xml; path = Info.plist; sourceTree = "<group>"; };
		1EB9EA8F2238071B008AF004 /* NameGameTests.xctest */ = {isa = PBXFileReference; explicitFileType = wrapper.cfbundle; includeInIndex = 0; path = NameGameTests.xctest; sourceTree = BUILT_PRODUCTS_DIR; };
		1EB9EA932238071B008AF004 /* NameGameTests.swift */ = {isa = PBXFileReference; lastKnownFileType = sourcecode.swift; path = NameGameTests.swift; sourceTree = "<group>"; };
		1EB9EA952238071B008AF004 /* Info.plist */ = {isa = PBXFileReference; lastKnownFileType = text.plist.xml; path = Info.plist; sourceTree = "<group>"; };
		1EB9EA9A2238071C008AF004 /* NameGameUITests.xctest */ = {isa = PBXFileReference; explicitFileType = wrapper.cfbundle; includeInIndex = 0; path = NameGameUITests.xctest; sourceTree = BUILT_PRODUCTS_DIR; };
		1EB9EAA02238071C008AF004 /* Info.plist */ = {isa = PBXFileReference; lastKnownFileType = text.plist.xml; path = Info.plist; sourceTree = "<group>"; };
		1ED273972264E64C0094EE0D /* BaseNameGameViewController.swift */ = {isa = PBXFileReference; lastKnownFileType = sourcecode.swift; path = BaseNameGameViewController.swift; sourceTree = "<group>"; };
		1ED2739B22660A550094EE0D /* NameGameUITests-Bridging-Header.h */ = {isa = PBXFileReference; lastKnownFileType = sourcecode.c.h; path = "NameGameUITests-Bridging-Header.h"; sourceTree = "<group>"; };
		1ED2739C22660A560094EE0D /* NameGameUITests.swift */ = {isa = PBXFileReference; lastKnownFileType = sourcecode.swift; path = NameGameUITests.swift; sourceTree = "<group>"; };
		1ED273AC22660CFE0094EE0D /* NameGameTests.swift */ = {isa = PBXFileReference; lastKnownFileType = sourcecode.swift; path = NameGameTests.swift; sourceTree = "<group>"; };
		2FF125D4FD60A40A0A8AE043 /* Pods-NameGameUITests.release.xcconfig */ = {isa = PBXFileReference; includeInIndex = 1; lastKnownFileType = text.xcconfig; name = "Pods-NameGameUITests.release.xcconfig"; path = "Target Support Files/Pods-NameGameUITests/Pods-NameGameUITests.release.xcconfig"; sourceTree = "<group>"; };
		788E25026E87CE73E9C34255 /* Pods-NameGameTests.debug.xcconfig */ = {isa = PBXFileReference; includeInIndex = 1; lastKnownFileType = text.xcconfig; name = "Pods-NameGameTests.debug.xcconfig"; path = "Target Support Files/Pods-NameGameTests/Pods-NameGameTests.debug.xcconfig"; sourceTree = "<group>"; };
		7B000730C94A459D36DD44F4 /* Pods_NameGameUITests.framework */ = {isa = PBXFileReference; explicitFileType = wrapper.framework; includeInIndex = 0; path = Pods_NameGameUITests.framework; sourceTree = BUILT_PRODUCTS_DIR; };
		A5ED998BA790D768D99AA5B0 /* Pods-NameGameUITests.debug.xcconfig */ = {isa = PBXFileReference; includeInIndex = 1; lastKnownFileType = text.xcconfig; name = "Pods-NameGameUITests.debug.xcconfig"; path = "Target Support Files/Pods-NameGameUITests/Pods-NameGameUITests.debug.xcconfig"; sourceTree = "<group>"; };
		B24159B77BA754BFAD0FE88E /* Pods-NameGameTests.release.xcconfig */ = {isa = PBXFileReference; includeInIndex = 1; lastKnownFileType = text.xcconfig; name = "Pods-NameGameTests.release.xcconfig"; path = "Target Support Files/Pods-NameGameTests/Pods-NameGameTests.release.xcconfig"; sourceTree = "<group>"; };
		BDB87376C9BE19ED50D010CE /* Pods_NameGame.framework */ = {isa = PBXFileReference; explicitFileType = wrapper.framework; includeInIndex = 0; path = Pods_NameGame.framework; sourceTree = BUILT_PRODUCTS_DIR; };
		C435497E57B26B3C5C38A850 /* Pods_NameGameTests.framework */ = {isa = PBXFileReference; explicitFileType = wrapper.framework; includeInIndex = 0; path = Pods_NameGameTests.framework; sourceTree = BUILT_PRODUCTS_DIR; };
		D9DC0EFBDBFDFEACFC949EF3 /* Pods-NameGame.release.xcconfig */ = {isa = PBXFileReference; includeInIndex = 1; lastKnownFileType = text.xcconfig; name = "Pods-NameGame.release.xcconfig"; path = "Target Support Files/Pods-NameGame/Pods-NameGame.release.xcconfig"; sourceTree = "<group>"; };
/* End PBXFileReference section */

/* Begin PBXFrameworksBuildPhase section */
		1EB9EA782238071A008AF004 /* Frameworks */ = {
			isa = PBXFrameworksBuildPhase;
			buildActionMask = 2147483647;
			files = (
				1E37F6862260E34900CC126B /* common.framework in Frameworks */,
				D2DA6197A59BA1C72436D809 /* Pods_NameGame.framework in Frameworks */,
			);
			runOnlyForDeploymentPostprocessing = 0;
		};
		1EB9EA8C2238071B008AF004 /* Frameworks */ = {
			isa = PBXFrameworksBuildPhase;
			buildActionMask = 2147483647;
			files = (
				39C7A84D324862D88D52B08F /* Pods_NameGameTests.framework in Frameworks */,
			);
			runOnlyForDeploymentPostprocessing = 0;
		};
		1EB9EA972238071C008AF004 /* Frameworks */ = {
			isa = PBXFrameworksBuildPhase;
			buildActionMask = 2147483647;
			files = (
				4C99F92CBEFDEFEA34932EBF /* Pods_NameGameUITests.framework in Frameworks */,
			);
			runOnlyForDeploymentPostprocessing = 0;
		};
/* End PBXFrameworksBuildPhase section */

/* Begin PBXGroup section */
		1EB9EA722238071A008AF004 = {
			isa = PBXGroup;
			children = (
				1E37F6852260E34900CC126B /* common.framework */,
				1EB9EA7D2238071A008AF004 /* NameGame */,
				1EB9EA922238071B008AF004 /* NameGameTests */,
				1EB9EA9D2238071C008AF004 /* NameGameUITests */,
				1EB9EA7C2238071A008AF004 /* Products */,
				1EB9EAAC2238250F008AF004 /* Frameworks */,
				C1C02D1BBE18C39554DCFAB6 /* Pods */,
			);
			sourceTree = "<group>";
		};
		1EB9EA7C2238071A008AF004 /* Products */ = {
			isa = PBXGroup;
			children = (
				1EB9EA7B2238071A008AF004 /* NameGame.app */,
				1EB9EA8F2238071B008AF004 /* NameGameTests.xctest */,
				1EB9EA9A2238071C008AF004 /* NameGameUITests.xctest */,
			);
			name = Products;
			sourceTree = "<group>";
		};
		1EB9EA7D2238071A008AF004 /* NameGame */ = {
			isa = PBXGroup;
			children = (
				1E9ED1E122550E7E000D7C69 /* willowtree_banner.png */,
				1E9D6D3C224EA74E00F5C0B8 /* confetti.png */,
				1E9D6D3B224EA74E00F5C0B8 /* diamond.png */,
				1E9D6D3D224EA74E00F5C0B8 /* star.png */,
				1E9D6D3A224EA74E00F5C0B8 /* triangle.png */,
				1E9D6D37224EA64800F5C0B8 /* GameResultsViewController.swift */,
				1E9D6D36224EA64800F5C0B8 /* ImageUtils.swift */,
				1E9D6D34224EA55800F5C0B8 /* SAConfettiView.swift */,
				1EB9EA7E2238071A008AF004 /* AppDelegate.swift */,
				1EB9EA822238071A008AF004 /* Main.storyboard */,
				1EB9EA852238071B008AF004 /* Assets.xcassets */,
				1EB9EA872238071B008AF004 /* LaunchScreen.storyboard */,
				1EB9EA8A2238071B008AF004 /* Info.plist */,
				1E43892C224013860034263E /* IosNavigator.swift */,
				1E43892E224015A80034263E /* QuestionViewController.swift */,
				1E19EEA5224019610094EA01 /* StartViewController.swift */,
				1E37F683225C21A700CC126B /* SettingsViewController.swift */,
				1ED273972264E64C0094EE0D /* BaseNameGameViewController.swift */,
			);
			path = NameGame;
			sourceTree = "<group>";
		};
		1EB9EA922238071B008AF004 /* NameGameTests */ = {
			isa = PBXGroup;
			children = (
				1EB9EA932238071B008AF004 /* NameGameTests.swift */,
				1EB9EA952238071B008AF004 /* Info.plist */,
				1ED273AC22660CFE0094EE0D /* NameGameTests.swift */,
			);
			path = NameGameTests;
			sourceTree = "<group>";
		};
		1EB9EA9D2238071C008AF004 /* NameGameUITests */ = {
			isa = PBXGroup;
			children = (
				1EB9EAA02238071C008AF004 /* Info.plist */,
				1ED2739C22660A560094EE0D /* NameGameUITests.swift */,
				1ED2739B22660A550094EE0D /* NameGameUITests-Bridging-Header.h */,
			);
			path = NameGameUITests;
			sourceTree = "<group>";
		};
		1EB9EAAC2238250F008AF004 /* Frameworks */ = {
			isa = PBXGroup;
			children = (
				1E37F67C225C063C00CC126B /* common.framework.dSYM */,
				BDB87376C9BE19ED50D010CE /* Pods_NameGame.framework */,
				C435497E57B26B3C5C38A850 /* Pods_NameGameTests.framework */,
				7B000730C94A459D36DD44F4 /* Pods_NameGameUITests.framework */,
			);
			name = Frameworks;
			sourceTree = "<group>";
		};
		C1C02D1BBE18C39554DCFAB6 /* Pods */ = {
			isa = PBXGroup;
			children = (
				147DDD9FCB23EB6E2457D2ED /* Pods-NameGame.debug.xcconfig */,
				D9DC0EFBDBFDFEACFC949EF3 /* Pods-NameGame.release.xcconfig */,
				788E25026E87CE73E9C34255 /* Pods-NameGameTests.debug.xcconfig */,
				B24159B77BA754BFAD0FE88E /* Pods-NameGameTests.release.xcconfig */,
				A5ED998BA790D768D99AA5B0 /* Pods-NameGameUITests.debug.xcconfig */,
				2FF125D4FD60A40A0A8AE043 /* Pods-NameGameUITests.release.xcconfig */,
			);
			path = Pods;
			sourceTree = "<group>";
		};
/* End PBXGroup section */

/* Begin PBXNativeTarget section */
		1EB9EA7A2238071A008AF004 /* NameGame */ = {
			isa = PBXNativeTarget;
			buildConfigurationList = 1EB9EAA32238071C008AF004 /* Build configuration list for PBXNativeTarget "NameGame" */;
			buildPhases = (
				277D0BB52D26BF640FE16445 /* [CP] Check Pods Manifest.lock */,
				1EB9EAB62238485B008AF004 /* ShellScript */,
				1EB9EA772238071A008AF004 /* Sources */,
				1EB9EA782238071A008AF004 /* Frameworks */,
				1EB9EA792238071A008AF004 /* Resources */,
				1EB9EAB522382BBC008AF004 /* Embed Frameworks */,
			);
			buildRules = (
			);
			dependencies = (
			);
			name = NameGame;
			productName = NameGame;
			productReference = 1EB9EA7B2238071A008AF004 /* NameGame.app */;
			productType = "com.apple.product-type.application";
		};
		1EB9EA8E2238071B008AF004 /* NameGameTests */ = {
			isa = PBXNativeTarget;
			buildConfigurationList = 1EB9EAA62238071C008AF004 /* Build configuration list for PBXNativeTarget "NameGameTests" */;
			buildPhases = (
				F734DD6C87DECFA6805FF357 /* [CP] Check Pods Manifest.lock */,
				1EB9EA8B2238071B008AF004 /* Sources */,
				1EB9EA8C2238071B008AF004 /* Frameworks */,
				1EB9EA8D2238071B008AF004 /* Resources */,
			);
			buildRules = (
			);
			dependencies = (
				1EB9EA912238071B008AF004 /* PBXTargetDependency */,
			);
			name = NameGameTests;
			productName = NameGameTests;
			productReference = 1EB9EA8F2238071B008AF004 /* NameGameTests.xctest */;
			productType = "com.apple.product-type.bundle.unit-test";
		};
		1EB9EA992238071C008AF004 /* NameGameUITests */ = {
			isa = PBXNativeTarget;
			buildConfigurationList = 1EB9EAA92238071C008AF004 /* Build configuration list for PBXNativeTarget "NameGameUITests" */;
			buildPhases = (
				5103126C9BF956C7ADB08E88 /* [CP] Check Pods Manifest.lock */,
				1EB9EA962238071C008AF004 /* Sources */,
				1EB9EA972238071C008AF004 /* Frameworks */,
				1EB9EA982238071C008AF004 /* Resources */,
			);
			buildRules = (
			);
			dependencies = (
				1EB9EA9C2238071C008AF004 /* PBXTargetDependency */,
			);
			name = NameGameUITests;
			productName = NameGameUITests;
			productReference = 1EB9EA9A2238071C008AF004 /* NameGameUITests.xctest */;
			productType = "com.apple.product-type.bundle.ui-testing";
		};
/* End PBXNativeTarget section */

/* Begin PBXProject section */
		1EB9EA732238071A008AF004 /* Project object */ = {
			isa = PBXProject;
			attributes = {
				LastSwiftUpdateCheck = 1010;
				LastUpgradeCheck = 1010;
				ORGANIZATIONNAME = Willowtree;
				TargetAttributes = {
					1EB9EA7A2238071A008AF004 = {
						CreatedOnToolsVersion = 10.1;
					};
					1EB9EA8E2238071B008AF004 = {
						CreatedOnToolsVersion = 10.1;
						TestTargetID = 1EB9EA7A2238071A008AF004;
					};
					1EB9EA992238071C008AF004 = {
						CreatedOnToolsVersion = 10.1;
						LastSwiftMigration = 1010;
						TestTargetID = 1EB9EA7A2238071A008AF004;
					};
				};
			};
			buildConfigurationList = 1EB9EA762238071A008AF004 /* Build configuration list for PBXProject "NameGame" */;
			compatibilityVersion = "Xcode 9.3";
			developmentRegion = en;
			hasScannedForEncodings = 0;
			knownRegions = (
				en,
				Base,
			);
			mainGroup = 1EB9EA722238071A008AF004;
			productRefGroup = 1EB9EA7C2238071A008AF004 /* Products */;
			projectDirPath = "";
			projectRoot = "";
			targets = (
				1EB9EA7A2238071A008AF004 /* NameGame */,
				1EB9EA8E2238071B008AF004 /* NameGameTests */,
				1EB9EA992238071C008AF004 /* NameGameUITests */,
			);
		};
/* End PBXProject section */

/* Begin PBXResourcesBuildPhase section */
		1EB9EA792238071A008AF004 /* Resources */ = {
			isa = PBXResourcesBuildPhase;
			buildActionMask = 2147483647;
			files = (
				1EB9EA892238071B008AF004 /* LaunchScreen.storyboard in Resources */,
				1E9D6D3F224EA74E00F5C0B8 /* diamond.png in Resources */,
				1E9D6D3E224EA74E00F5C0B8 /* triangle.png in Resources */,
				1E9ED1E222550E7E000D7C69 /* willowtree_banner.png in Resources */,
				1EB9EA862238071B008AF004 /* Assets.xcassets in Resources */,
				1E9D6D41224EA74E00F5C0B8 /* star.png in Resources */,
				1EB9EA842238071A008AF004 /* Main.storyboard in Resources */,
				1E9D6D40224EA74E00F5C0B8 /* confetti.png in Resources */,
			);
			runOnlyForDeploymentPostprocessing = 0;
		};
		1EB9EA8D2238071B008AF004 /* Resources */ = {
			isa = PBXResourcesBuildPhase;
			buildActionMask = 2147483647;
			files = (
			);
			runOnlyForDeploymentPostprocessing = 0;
		};
		1EB9EA982238071C008AF004 /* Resources */ = {
			isa = PBXResourcesBuildPhase;
			buildActionMask = 2147483647;
			files = (
			);
			runOnlyForDeploymentPostprocessing = 0;
		};
/* End PBXResourcesBuildPhase section */

/* Begin PBXShellScriptBuildPhase section */
		1EB9EAB62238485B008AF004 /* ShellScript */ = {
			isa = PBXShellScriptBuildPhase;
			buildActionMask = 2147483647;
			files = (
			);
			inputFileListPaths = (
			);
			inputPaths = (
			);
			outputFileListPaths = (
			);
			outputPaths = (
			);
			runOnlyForDeploymentPostprocessing = 0;
			shellPath = /bin/sh;
			shellScript = "# Type a script or drag a script file from your workspace to insert its path.\n#move to the xcode-frameworks folder\n#cd \"$SRCROOT/../../common/build/xcode-frameworks\"\ncd \"$SRCROOT/../../\"\n\n#run the gradle task\n./gradlew :common:build -PXCODE_CONFIGURATION=${CONFIGURATION}\n";
		};
		277D0BB52D26BF640FE16445 /* [CP] Check Pods Manifest.lock */ = {
			isa = PBXShellScriptBuildPhase;
			buildActionMask = 2147483647;
			files = (
			);
			inputFileListPaths = (
			);
			inputPaths = (
				"${PODS_PODFILE_DIR_PATH}/Podfile.lock",
				"${PODS_ROOT}/Manifest.lock",
			);
			name = "[CP] Check Pods Manifest.lock";
			outputFileListPaths = (
			);
			outputPaths = (
				"$(DERIVED_FILE_DIR)/Pods-NameGame-checkManifestLockResult.txt",
			);
			runOnlyForDeploymentPostprocessing = 0;
			shellPath = /bin/sh;
			shellScript = "diff \"${PODS_PODFILE_DIR_PATH}/Podfile.lock\" \"${PODS_ROOT}/Manifest.lock\" > /dev/null\nif [ $? != 0 ] ; then\n    # print error to STDERR\n    echo \"error: The sandbox is not in sync with the Podfile.lock. Run 'pod install' or update your CocoaPods installation.\" >&2\n    exit 1\nfi\n# This output is used by Xcode 'outputs' to avoid re-running this script phase.\necho \"SUCCESS\" > \"${SCRIPT_OUTPUT_FILE_0}\"\n";
			showEnvVarsInLog = 0;
		};
		5103126C9BF956C7ADB08E88 /* [CP] Check Pods Manifest.lock */ = {
			isa = PBXShellScriptBuildPhase;
			buildActionMask = 2147483647;
			files = (
			);
			inputFileListPaths = (
			);
			inputPaths = (
				"${PODS_PODFILE_DIR_PATH}/Podfile.lock",
				"${PODS_ROOT}/Manifest.lock",
			);
			name = "[CP] Check Pods Manifest.lock";
			outputFileListPaths = (
			);
			outputPaths = (
				"$(DERIVED_FILE_DIR)/Pods-NameGameUITests-checkManifestLockResult.txt",
			);
			runOnlyForDeploymentPostprocessing = 0;
			shellPath = /bin/sh;
			shellScript = "diff \"${PODS_PODFILE_DIR_PATH}/Podfile.lock\" \"${PODS_ROOT}/Manifest.lock\" > /dev/null\nif [ $? != 0 ] ; then\n    # print error to STDERR\n    echo \"error: The sandbox is not in sync with the Podfile.lock. Run 'pod install' or update your CocoaPods installation.\" >&2\n    exit 1\nfi\n# This output is used by Xcode 'outputs' to avoid re-running this script phase.\necho \"SUCCESS\" > \"${SCRIPT_OUTPUT_FILE_0}\"\n";
			showEnvVarsInLog = 0;
		};
		F734DD6C87DECFA6805FF357 /* [CP] Check Pods Manifest.lock */ = {
			isa = PBXShellScriptBuildPhase;
			buildActionMask = 2147483647;
			files = (
			);
			inputFileListPaths = (
			);
			inputPaths = (
				"${PODS_PODFILE_DIR_PATH}/Podfile.lock",
				"${PODS_ROOT}/Manifest.lock",
			);
			name = "[CP] Check Pods Manifest.lock";
			outputFileListPaths = (
			);
			outputPaths = (
				"$(DERIVED_FILE_DIR)/Pods-NameGameTests-checkManifestLockResult.txt",
			);
			runOnlyForDeploymentPostprocessing = 0;
			shellPath = /bin/sh;
			shellScript = "diff \"${PODS_PODFILE_DIR_PATH}/Podfile.lock\" \"${PODS_ROOT}/Manifest.lock\" > /dev/null\nif [ $? != 0 ] ; then\n    # print error to STDERR\n    echo \"error: The sandbox is not in sync with the Podfile.lock. Run 'pod install' or update your CocoaPods installation.\" >&2\n    exit 1\nfi\n# This output is used by Xcode 'outputs' to avoid re-running this script phase.\necho \"SUCCESS\" > \"${SCRIPT_OUTPUT_FILE_0}\"\n";
			showEnvVarsInLog = 0;
		};
/* End PBXShellScriptBuildPhase section */

/* Begin PBXSourcesBuildPhase section */
		1EB9EA772238071A008AF004 /* Sources */ = {
			isa = PBXSourcesBuildPhase;
			buildActionMask = 2147483647;
			files = (
				1E43892D224013860034263E /* IosNavigator.swift in Sources */,
				1ED273982264E64C0094EE0D /* BaseNameGameViewController.swift in Sources */,
				1E43892F224015A80034263E /* QuestionViewController.swift in Sources */,
				1EB9EA7F2238071A008AF004 /* AppDelegate.swift in Sources */,
				1E19EEA6224019610094EA01 /* StartViewController.swift in Sources */,
				1E9D6D39224EA64800F5C0B8 /* GameResultsViewController.swift in Sources */,
				1E9D6D35224EA56200F5C0B8 /* SAConfettiView.swift in Sources */,
				1E9D6D38224EA64800F5C0B8 /* ImageUtils.swift in Sources */,
				1E37F684225C21A700CC126B /* SettingsViewController.swift in Sources */,
			);
			runOnlyForDeploymentPostprocessing = 0;
		};
		1EB9EA8B2238071B008AF004 /* Sources */ = {
			isa = PBXSourcesBuildPhase;
			buildActionMask = 2147483647;
			files = (
				1ED273AD22660CFE0094EE0D /* NameGameTests.swift in Sources */,
				1EB9EA942238071B008AF004 /* NameGameTests.swift in Sources */,
			);
			runOnlyForDeploymentPostprocessing = 0;
		};
		1EB9EA962238071C008AF004 /* Sources */ = {
			isa = PBXSourcesBuildPhase;
			buildActionMask = 2147483647;
			files = (
				1ED2739D22660A560094EE0D /* NameGameUITests.swift in Sources */,
			);
			runOnlyForDeploymentPostprocessing = 0;
		};
/* End PBXSourcesBuildPhase section */

/* Begin PBXTargetDependency section */
		1EB9EA912238071B008AF004 /* PBXTargetDependency */ = {
			isa = PBXTargetDependency;
			target = 1EB9EA7A2238071A008AF004 /* NameGame */;
			targetProxy = 1EB9EA902238071B008AF004 /* PBXContainerItemProxy */;
		};
		1EB9EA9C2238071C008AF004 /* PBXTargetDependency */ = {
			isa = PBXTargetDependency;
			target = 1EB9EA7A2238071A008AF004 /* NameGame */;
			targetProxy = 1EB9EA9B2238071C008AF004 /* PBXContainerItemProxy */;
		};
/* End PBXTargetDependency section */

/* Begin PBXVariantGroup section */
		1EB9EA822238071A008AF004 /* Main.storyboard */ = {
			isa = PBXVariantGroup;
			children = (
				1EB9EA832238071A008AF004 /* Base */,
			);
			name = Main.storyboard;
			sourceTree = "<group>";
		};
		1EB9EA872238071B008AF004 /* LaunchScreen.storyboard */ = {
			isa = PBXVariantGroup;
			children = (
				1EB9EA882238071B008AF004 /* Base */,
			);
			name = LaunchScreen.storyboard;
			sourceTree = "<group>";
		};
/* End PBXVariantGroup section */

/* Begin XCBuildConfiguration section */
		1EB9EAA12238071C008AF004 /* Debug */ = {
			isa = XCBuildConfiguration;
			buildSettings = {
				ALWAYS_SEARCH_USER_PATHS = NO;
				CLANG_ANALYZER_NONNULL = YES;
				CLANG_ANALYZER_NUMBER_OBJECT_CONVERSION = YES_AGGRESSIVE;
				CLANG_CXX_LANGUAGE_STANDARD = "gnu++14";
				CLANG_CXX_LIBRARY = "libc++";
				CLANG_ENABLE_MODULES = YES;
				CLANG_ENABLE_OBJC_ARC = YES;
				CLANG_ENABLE_OBJC_WEAK = YES;
				CLANG_WARN_BLOCK_CAPTURE_AUTORELEASING = YES;
				CLANG_WARN_BOOL_CONVERSION = YES;
				CLANG_WARN_COMMA = YES;
				CLANG_WARN_CONSTANT_CONVERSION = YES;
				CLANG_WARN_DEPRECATED_OBJC_IMPLEMENTATIONS = YES;
				CLANG_WARN_DIRECT_OBJC_ISA_USAGE = YES_ERROR;
				CLANG_WARN_DOCUMENTATION_COMMENTS = YES;
				CLANG_WARN_EMPTY_BODY = YES;
				CLANG_WARN_ENUM_CONVERSION = YES;
				CLANG_WARN_INFINITE_RECURSION = YES;
				CLANG_WARN_INT_CONVERSION = YES;
				CLANG_WARN_NON_LITERAL_NULL_CONVERSION = YES;
				CLANG_WARN_OBJC_IMPLICIT_RETAIN_SELF = YES;
				CLANG_WARN_OBJC_LITERAL_CONVERSION = YES;
				CLANG_WARN_OBJC_ROOT_CLASS = YES_ERROR;
				CLANG_WARN_RANGE_LOOP_ANALYSIS = YES;
				CLANG_WARN_STRICT_PROTOTYPES = YES;
				CLANG_WARN_SUSPICIOUS_MOVE = YES;
				CLANG_WARN_UNGUARDED_AVAILABILITY = YES_AGGRESSIVE;
				CLANG_WARN_UNREACHABLE_CODE = YES;
				CLANG_WARN__DUPLICATE_METHOD_MATCH = YES;
				CODE_SIGN_IDENTITY = "iPhone Developer";
				COPY_PHASE_STRIP = NO;
				DEBUG_INFORMATION_FORMAT = dwarf;
				ENABLE_STRICT_OBJC_MSGSEND = YES;
				ENABLE_TESTABILITY = YES;
				GCC_C_LANGUAGE_STANDARD = gnu11;
				GCC_DYNAMIC_NO_PIC = NO;
				GCC_NO_COMMON_BLOCKS = YES;
				GCC_OPTIMIZATION_LEVEL = 0;
				GCC_PREPROCESSOR_DEFINITIONS = (
					"DEBUG=1",
					"$(inherited)",
				);
				GCC_WARN_64_TO_32_BIT_CONVERSION = YES;
				GCC_WARN_ABOUT_RETURN_TYPE = YES_ERROR;
				GCC_WARN_UNDECLARED_SELECTOR = YES;
				GCC_WARN_UNINITIALIZED_AUTOS = YES_AGGRESSIVE;
				GCC_WARN_UNUSED_FUNCTION = YES;
				GCC_WARN_UNUSED_VARIABLE = YES;
				IPHONEOS_DEPLOYMENT_TARGET = 12.1;
				MTL_ENABLE_DEBUG_INFO = INCLUDE_SOURCE;
				MTL_FAST_MATH = YES;
				ONLY_ACTIVE_ARCH = YES;
				SDKROOT = iphoneos;
				SWIFT_ACTIVE_COMPILATION_CONDITIONS = DEBUG;
				SWIFT_OPTIMIZATION_LEVEL = "-Onone";
			};
			name = Debug;
		};
		1EB9EAA22238071C008AF004 /* Release */ = {
			isa = XCBuildConfiguration;
			buildSettings = {
				ALWAYS_SEARCH_USER_PATHS = NO;
				CLANG_ANALYZER_NONNULL = YES;
				CLANG_ANALYZER_NUMBER_OBJECT_CONVERSION = YES_AGGRESSIVE;
				CLANG_CXX_LANGUAGE_STANDARD = "gnu++14";
				CLANG_CXX_LIBRARY = "libc++";
				CLANG_ENABLE_MODULES = YES;
				CLANG_ENABLE_OBJC_ARC = YES;
				CLANG_ENABLE_OBJC_WEAK = YES;
				CLANG_WARN_BLOCK_CAPTURE_AUTORELEASING = YES;
				CLANG_WARN_BOOL_CONVERSION = YES;
				CLANG_WARN_COMMA = YES;
				CLANG_WARN_CONSTANT_CONVERSION = YES;
				CLANG_WARN_DEPRECATED_OBJC_IMPLEMENTATIONS = YES;
				CLANG_WARN_DIRECT_OBJC_ISA_USAGE = YES_ERROR;
				CLANG_WARN_DOCUMENTATION_COMMENTS = YES;
				CLANG_WARN_EMPTY_BODY = YES;
				CLANG_WARN_ENUM_CONVERSION = YES;
				CLANG_WARN_INFINITE_RECURSION = YES;
				CLANG_WARN_INT_CONVERSION = YES;
				CLANG_WARN_NON_LITERAL_NULL_CONVERSION = YES;
				CLANG_WARN_OBJC_IMPLICIT_RETAIN_SELF = YES;
				CLANG_WARN_OBJC_LITERAL_CONVERSION = YES;
				CLANG_WARN_OBJC_ROOT_CLASS = YES_ERROR;
				CLANG_WARN_RANGE_LOOP_ANALYSIS = YES;
				CLANG_WARN_STRICT_PROTOTYPES = YES;
				CLANG_WARN_SUSPICIOUS_MOVE = YES;
				CLANG_WARN_UNGUARDED_AVAILABILITY = YES_AGGRESSIVE;
				CLANG_WARN_UNREACHABLE_CODE = YES;
				CLANG_WARN__DUPLICATE_METHOD_MATCH = YES;
				CODE_SIGN_IDENTITY = "iPhone Developer";
				COPY_PHASE_STRIP = NO;
				DEBUG_INFORMATION_FORMAT = "dwarf-with-dsym";
				ENABLE_NS_ASSERTIONS = NO;
				ENABLE_STRICT_OBJC_MSGSEND = YES;
				GCC_C_LANGUAGE_STANDARD = gnu11;
				GCC_NO_COMMON_BLOCKS = YES;
				GCC_WARN_64_TO_32_BIT_CONVERSION = YES;
				GCC_WARN_ABOUT_RETURN_TYPE = YES_ERROR;
				GCC_WARN_UNDECLARED_SELECTOR = YES;
				GCC_WARN_UNINITIALIZED_AUTOS = YES_AGGRESSIVE;
				GCC_WARN_UNUSED_FUNCTION = YES;
				GCC_WARN_UNUSED_VARIABLE = YES;
				IPHONEOS_DEPLOYMENT_TARGET = 12.1;
				MTL_ENABLE_DEBUG_INFO = NO;
				MTL_FAST_MATH = YES;
				SDKROOT = iphoneos;
				SWIFT_COMPILATION_MODE = wholemodule;
				SWIFT_OPTIMIZATION_LEVEL = "-O";
				VALIDATE_PRODUCT = YES;
			};
			name = Release;
		};
		1EB9EAA42238071C008AF004 /* Debug */ = {
			isa = XCBuildConfiguration;
			baseConfigurationReference = 147DDD9FCB23EB6E2457D2ED /* Pods-NameGame.debug.xcconfig */;
			buildSettings = {
				ASSETCATALOG_COMPILER_APPICON_NAME = AppIcon;
				CODE_SIGN_IDENTITY = "iPhone Developer";
				CODE_SIGN_STYLE = Automatic;
				DEVELOPMENT_TEAM = 9W3M6638YZ;
				ENABLE_BITCODE = NO;
				FRAMEWORK_SEARCH_PATHS = (
					"$(SRCROOT)/../../common/build/xcode-frameworks/**",
					"$(PROJECT_DIR)",
					"$(SRCROOT)",
				);
				"FRAMEWORK_SEARCH_PATHS[arch=*]" = (
					"$(SRCROOT)/../../common/build/xcode-frameworks",
					"$(PROJECT_DIR)",
					"$(SRCROOT)",
				);
				INFOPLIST_FILE = NameGame/Info.plist;
				LD_RUNPATH_SEARCH_PATHS = (
					"$(inherited)",
					"@executable_path/Frameworks",
				);
				PRODUCT_BUNDLE_IDENTIFIER = com.willowtreeapps.jackson.NameGame;
				PRODUCT_NAME = "$(TARGET_NAME)";
				PROVISIONING_PROFILE_SPECIFIER = "";
				SWIFT_VERSION = 4.2;
				TARGETED_DEVICE_FAMILY = "1,2";
			};
			name = Debug;
		};
		1EB9EAA52238071C008AF004 /* Release */ = {
			isa = XCBuildConfiguration;
			baseConfigurationReference = D9DC0EFBDBFDFEACFC949EF3 /* Pods-NameGame.release.xcconfig */;
			buildSettings = {
				ASSETCATALOG_COMPILER_APPICON_NAME = AppIcon;
				CODE_SIGN_IDENTITY = "iPhone Developer";
				CODE_SIGN_STYLE = Automatic;
				DEVELOPMENT_TEAM = 9W3M6638YZ;
				ENABLE_BITCODE = NO;
				FRAMEWORK_SEARCH_PATHS = (
					"$(SRCROOT)/../../common/build/bin/ios/mainDebugFramework",
					"$(PROJECT_DIR)",
				);
				INFOPLIST_FILE = NameGame/Info.plist;
				LD_RUNPATH_SEARCH_PATHS = (
					"$(inherited)",
					"@executable_path/Frameworks",
				);
				PRODUCT_BUNDLE_IDENTIFIER = com.willowtreeapps.jackson.NameGame;
				PRODUCT_NAME = "$(TARGET_NAME)";
				PROVISIONING_PROFILE_SPECIFIER = "";
				SWIFT_VERSION = 4.2;
				TARGETED_DEVICE_FAMILY = "1,2";
			};
			name = Release;
		};
		1EB9EAA72238071C008AF004 /* Debug */ = {
			isa = XCBuildConfiguration;
			baseConfigurationReference = 788E25026E87CE73E9C34255 /* Pods-NameGameTests.debug.xcconfig */;
			buildSettings = {
				ALWAYS_EMBED_SWIFT_STANDARD_LIBRARIES = YES;
				BUNDLE_LOADER = "$(TEST_HOST)";
				CODE_SIGN_STYLE = Automatic;
				INFOPLIST_FILE = NameGameTests/Info.plist;
				LD_RUNPATH_SEARCH_PATHS = (
					"$(inherited)",
					"@executable_path/Frameworks",
					"@loader_path/Frameworks",
				);
				PRODUCT_BUNDLE_IDENTIFIER = willowtree.NameGameTests;
				PRODUCT_NAME = "$(TARGET_NAME)";
				SWIFT_VERSION = 4.2;
				TARGETED_DEVICE_FAMILY = "1,2";
				TEST_HOST = "$(BUILT_PRODUCTS_DIR)/NameGame.app/NameGame";
			};
			name = Debug;
		};
		1EB9EAA82238071C008AF004 /* Release */ = {
			isa = XCBuildConfiguration;
			baseConfigurationReference = B24159B77BA754BFAD0FE88E /* Pods-NameGameTests.release.xcconfig */;
			buildSettings = {
				ALWAYS_EMBED_SWIFT_STANDARD_LIBRARIES = YES;
				BUNDLE_LOADER = "$(TEST_HOST)";
				CODE_SIGN_STYLE = Automatic;
				INFOPLIST_FILE = NameGameTests/Info.plist;
				LD_RUNPATH_SEARCH_PATHS = (
					"$(inherited)",
					"@executable_path/Frameworks",
					"@loader_path/Frameworks",
				);
				PRODUCT_BUNDLE_IDENTIFIER = willowtree.NameGameTests;
				PRODUCT_NAME = "$(TARGET_NAME)";
				SWIFT_VERSION = 4.2;
				TARGETED_DEVICE_FAMILY = "1,2";
				TEST_HOST = "$(BUILT_PRODUCTS_DIR)/NameGame.app/NameGame";
			};
			name = Release;
		};
		1EB9EAAA2238071C008AF004 /* Debug */ = {
			isa = XCBuildConfiguration;
			baseConfigurationReference = A5ED998BA790D768D99AA5B0 /* Pods-NameGameUITests.debug.xcconfig */;
			buildSettings = {
				ALWAYS_EMBED_SWIFT_STANDARD_LIBRARIES = YES;
				CLANG_ENABLE_MODULES = YES;
				CODE_SIGN_STYLE = Automatic;
				INFOPLIST_FILE = NameGameUITests/Info.plist;
				LD_RUNPATH_SEARCH_PATHS = (
					"$(inherited)",
					"@executable_path/Frameworks",
					"@loader_path/Frameworks",
				);
				PRODUCT_BUNDLE_IDENTIFIER = willowtree.NameGameUITests;
				PRODUCT_NAME = "$(TARGET_NAME)";
				SWIFT_OBJC_BRIDGING_HEADER = "NameGameUITests/NameGameUITests-Bridging-Header.h";
				SWIFT_OPTIMIZATION_LEVEL = "-Onone";
				SWIFT_VERSION = 4.2;
				TARGETED_DEVICE_FAMILY = "1,2";
				TEST_TARGET_NAME = NameGame;
			};
			name = Debug;
		};
		1EB9EAAB2238071C008AF004 /* Release */ = {
			isa = XCBuildConfiguration;
			baseConfigurationReference = 2FF125D4FD60A40A0A8AE043 /* Pods-NameGameUITests.release.xcconfig */;
			buildSettings = {
				ALWAYS_EMBED_SWIFT_STANDARD_LIBRARIES = YES;
				CLANG_ENABLE_MODULES = YES;
				CODE_SIGN_STYLE = Automatic;
				INFOPLIST_FILE = NameGameUITests/Info.plist;
				LD_RUNPATH_SEARCH_PATHS = (
					"$(inherited)",
					"@executable_path/Frameworks",
					"@loader_path/Frameworks",
				);
				PRODUCT_BUNDLE_IDENTIFIER = willowtree.NameGameUITests;
				PRODUCT_NAME = "$(TARGET_NAME)";
				SWIFT_OBJC_BRIDGING_HEADER = "NameGameUITests/NameGameUITests-Bridging-Header.h";
				SWIFT_VERSION = 4.2;
				TARGETED_DEVICE_FAMILY = "1,2";
				TEST_TARGET_NAME = NameGame;
			};
			name = Release;
		};
/* End XCBuildConfiguration section */

/* Begin XCConfigurationList section */
		1EB9EA762238071A008AF004 /* Build configuration list for PBXProject "NameGame" */ = {
			isa = XCConfigurationList;
			buildConfigurations = (
				1EB9EAA12238071C008AF004 /* Debug */,
				1EB9EAA22238071C008AF004 /* Release */,
			);
			defaultConfigurationIsVisible = 0;
			defaultConfigurationName = Release;
		};
		1EB9EAA32238071C008AF004 /* Build configuration list for PBXNativeTarget "NameGame" */ = {
			isa = XCConfigurationList;
			buildConfigurations = (
				1EB9EAA42238071C008AF004 /* Debug */,
				1EB9EAA52238071C008AF004 /* Release */,
			);
			defaultConfigurationIsVisible = 0;
			defaultConfigurationName = Release;
		};
		1EB9EAA62238071C008AF004 /* Build configuration list for PBXNativeTarget "NameGameTests" */ = {
			isa = XCConfigurationList;
			buildConfigurations = (
				1EB9EAA72238071C008AF004 /* Debug */,
				1EB9EAA82238071C008AF004 /* Release */,
			);
			defaultConfigurationIsVisible = 0;
			defaultConfigurationName = Release;
		};
		1EB9EAA92238071C008AF004 /* Build configuration list for PBXNativeTarget "NameGameUITests" */ = {
			isa = XCConfigurationList;
			buildConfigurations = (
				1EB9EAAA2238071C008AF004 /* Debug */,
				1EB9EAAB2238071C008AF004 /* Release */,
			);
			defaultConfigurationIsVisible = 0;
			defaultConfigurationName = Release;
		};
/* End XCConfigurationList section */
	};
	rootObject = 1EB9EA732238071A008AF004 /* Project object */;
}
